// !$*UTF8*$!
{
	archiveVersion = 1;
	classes = {
	};
	objectVersion = 46;
	objects = {

/* Begin PBXBuildFile section */
		EA075D6E19F9648E00DA23D6 /* main.m in Sources */ = {isa = PBXBuildFile; fileRef = EA075D6D19F9648E00DA23D6 /* main.m */; };
		EA075D7119F9648E00DA23D6 /* AppDelegate.m in Sources */ = {isa = PBXBuildFile; fileRef = EA075D7019F9648E00DA23D6 /* AppDelegate.m */; };
		EA075D7419F9648E00DA23D6 /* ViewController.m in Sources */ = {isa = PBXBuildFile; fileRef = EA075D7319F9648E00DA23D6 /* ViewController.m */; };
		EA075D7719F9648E00DA23D6 /* Main.storyboard in Resources */ = {isa = PBXBuildFile; fileRef = EA075D7519F9648E00DA23D6 /* Main.storyboard */; };
		EA075D7919F9648E00DA23D6 /* Images.xcassets in Resources */ = {isa = PBXBuildFile; fileRef = EA075D7819F9648E00DA23D6 /* Images.xcassets */; };
		EA075D7C19F9648E00DA23D6 /* LaunchScreen.xib in Resources */ = {isa = PBXBuildFile; fileRef = EA075D7A19F9648E00DA23D6 /* LaunchScreen.xib */; };
		EA075D8819F9648E00DA23D6 /* MVCsandTests.m in Sources */ = {isa = PBXBuildFile; fileRef = EA075D8719F9648E00DA23D6 /* MVCsandTests.m */; };
		EA075D9319F9651800DA23D6 /* UIView+DView.m in Sources */ = {isa = PBXBuildFile; fileRef = EA075D9219F9651800DA23D6 /* UIView+DView.m */; };
		EA075D9619F965E200DA23D6 /* NSObject+DataModel.m in Sources */ = {isa = PBXBuildFile; fileRef = EA075D9519F965E200DA23D6 /* NSObject+DataModel.m */; };
/* End PBXBuildFile section */

/* Begin PBXContainerItemProxy section */
		EA075D8219F9648E00DA23D6 /* PBXContainerItemProxy */ = {
			isa = PBXContainerItemProxy;
			containerPortal = EA075D6019F9648E00DA23D6 /* Project object */;
			proxyType = 1;
			remoteGlobalIDString = EA075D6719F9648E00DA23D6;
			remoteInfo = MVCsand;
		};
/* End PBXContainerItemProxy section */

/* Begin PBXFileReference section */
		EA075D6819F9648E00DA23D6 /* MVCsand.app */ = {isa = PBXFileReference; explicitFileType = wrapper.application; includeInIndex = 0; path = MVCsand.app; sourceTree = BUILT_PRODUCTS_DIR; };
		EA075D6C19F9648E00DA23D6 /* Info.plist */ = {isa = PBXFileReference; lastKnownFileType = text.plist.xml; path = Info.plist; sourceTree = "<group>"; };
		EA075D6D19F9648E00DA23D6 /* main.m */ = {isa = PBXFileReference; lastKnownFileType = sourcecode.c.objc; path = main.m; sourceTree = "<group>"; };
		EA075D6F19F9648E00DA23D6 /* AppDelegate.h */ = {isa = PBXFileReference; lastKnownFileType = sourcecode.c.h; path = AppDelegate.h; sourceTree = "<group>"; };
		EA075D7019F9648E00DA23D6 /* AppDelegate.m */ = {isa = PBXFileReference; lastKnownFileType = sourcecode.c.objc; path = AppDelegate.m; sourceTree = "<group>"; };
		EA075D7219F9648E00DA23D6 /* ViewController.h */ = {isa = PBXFileReference; lastKnownFileType = sourcecode.c.h; path = ViewController.h; sourceTree = "<group>"; };
		EA075D7319F9648E00DA23D6 /* ViewController.m */ = {isa = PBXFileReference; lastKnownFileType = sourcecode.c.objc; path = ViewController.m; sourceTree = "<group>"; };
		EA075D7619F9648E00DA23D6 /* Base */ = {isa = PBXFileReference; lastKnownFileType = file.storyboard; name = Base; path = Base.lproj/Main.storyboard; sourceTree = "<group>"; };
		EA075D7819F9648E00DA23D6 /* Images.xcassets */ = {isa = PBXFileReference; lastKnownFileType = folder.assetcatalog; path = Images.xcassets; sourceTree = "<group>"; };
		EA075D7B19F9648E00DA23D6 /* Base */ = {isa = PBXFileReference; lastKnownFileType = file.xib; name = Base; path = Base.lproj/LaunchScreen.xib; sourceTree = "<group>"; };
		EA075D8119F9648E00DA23D6 /* MVCsandTests.xctest */ = {isa = PBXFileReference; explicitFileType = wrapper.cfbundle; includeInIndex = 0; path = MVCsandTests.xctest; sourceTree = BUILT_PRODUCTS_DIR; };
		EA075D8619F9648E00DA23D6 /* Info.plist */ = {isa = PBXFileReference; lastKnownFileType = text.plist.xml; path = Info.plist; sourceTree = "<group>"; };
		EA075D8719F9648E00DA23D6 /* MVCsandTests.m */ = {isa = PBXFileReference; lastKnownFileType = sourcecode.c.objc; path = MVCsandTests.m; sourceTree = "<group>"; };
		EA075D9119F9651800DA23D6 /* UIView+DView.h */ = {isa = PBXFileReference; fileEncoding = 4; lastKnownFileType = sourcecode.c.h; name = "UIView+DView.h"; path = "../UIView+DView.h"; sourceTree = "<group>"; };
		EA075D9219F9651800DA23D6 /* UIView+DView.m */ = {isa = PBXFileReference; fileEncoding = 4; lastKnownFileType = sourcecode.c.objc; name = "UIView+DView.m"; path = "../UIView+DView.m"; sourceTree = "<group>"; };
		EA075D9419F965E200DA23D6 /* NSObject+DataModel.h */ = {isa = PBXFileReference; fileEncoding = 4; lastKnownFileType = sourcecode.c.h; path = "NSObject+DataModel.h"; sourceTree = "<group>"; };
		EA075D9519F965E200DA23D6 /* NSObject+DataModel.m */ = {isa = PBXFileReference; fileEncoding = 4; lastKnownFileType = sourcecode.c.objc; path = "NSObject+DataModel.m"; sourceTree = "<group>"; };
/* End PBXFileReference section */

/* Begin PBXFrameworksBuildPhase section */
		EA075D6519F9648E00DA23D6 /* Frameworks */ = {
			isa = PBXFrameworksBuildPhase;
			buildActionMask = 2147483647;
			files = (
			);
			runOnlyForDeploymentPostprocessing = 0;
		};
		EA075D7E19F9648E00DA23D6 /* Frameworks */ = {
			isa = PBXFrameworksBuildPhase;
			buildActionMask = 2147483647;
			files = (
			);
			runOnlyForDeploymentPostprocessing = 0;
		};
/* End PBXFrameworksBuildPhase section */

/* Begin PBXGroup section */
		EA075D5F19F9648E00DA23D6 = {
			isa = PBXGroup;
			children = (
				EA075D6A19F9648E00DA23D6 /* MVCsand */,
				EA075D8419F9648E00DA23D6 /* MVCsandTests */,
				EA075D6919F9648E00DA23D6 /* Products */,
			);
			sourceTree = "<group>";
		};
		EA075D6919F9648E00DA23D6 /* Products */ = {
			isa = PBXGroup;
			children = (
				EA075D6819F9648E00DA23D6 /* MVCsand.app */,
				EA075D8119F9648E00DA23D6 /* MVCsandTests.xctest */,
			);
			name = Products;
			sourceTree = "<group>";
		};
		EA075D6A19F9648E00DA23D6 /* MVCsand */ = {
			isa = PBXGroup;
			children = (
				EA075D9419F965E200DA23D6 /* NSObject+DataModel.h */,
				EA075D9519F965E200DA23D6 /* NSObject+DataModel.m */,
				EA075D9119F9651800DA23D6 /* UIView+DView.h */,
				EA075D9219F9651800DA23D6 /* UIView+DView.m */,
				EA075D6F19F9648E00DA23D6 /* AppDelegate.h */,
				EA075D7019F9648E00DA23D6 /* AppDelegate.m */,
				EA075D7219F9648E00DA23D6 /* ViewController.h */,
				EA075D7319F9648E00DA23D6 /* ViewController.m */,
				EA075D7519F9648E00DA23D6 /* Main.storyboard */,
				EA075D7819F9648E00DA23D6 /* Images.xcassets */,
				EA075D7A19F9648E00DA23D6 /* LaunchScreen.xib */,
				EA075D6B19F9648E00DA23D6 /* Supporting Files */,
			);
			path = MVCsand;
			sourceTree = "<group>";
		};
		EA075D6B19F9648E00DA23D6 /* Supporting Files */ = {
			isa = PBXGroup;
			children = (
				EA075D6C19F9648E00DA23D6 /* Info.plist */,
				EA075D6D19F9648E00DA23D6 /* main.m */,
			);
			name = "Supporting Files";
			sourceTree = "<group>";
		};
		EA075D8419F9648E00DA23D6 /* MVCsandTests */ = {
			isa = PBXGroup;
			children = (
				EA075D8719F9648E00DA23D6 /* MVCsandTests.m */,
				EA075D8519F9648E00DA23D6 /* Supporting Files */,
			);
			path = MVCsandTests;
			sourceTree = "<group>";
		};
		EA075D8519F9648E00DA23D6 /* Supporting Files */ = {
			isa = PBXGroup;
			children = (
				EA075D8619F9648E00DA23D6 /* Info.plist */,
			);
			name = "Supporting Files";
			sourceTree = "<group>";
		};
/* End PBXGroup section */

/* Begin PBXNativeTarget section */
		EA075D6719F9648E00DA23D6 /* MVCsand */ = {
			isa = PBXNativeTarget;
			buildConfigurationList = EA075D8B19F9648E00DA23D6 /* Build configuration list for PBXNativeTarget "MVCsand" */;
			buildPhases = (
				EA075D6419F9648E00DA23D6 /* Sources */,
				EA075D6519F9648E00DA23D6 /* Frameworks */,
				EA075D6619F9648E00DA23D6 /* Resources */,
			);
			buildRules = (
			);
			dependencies = (
			);
			name = MVCsand;
			productName = MVCsand;
			productReference = EA075D6819F9648E00DA23D6 /* MVCsand.app */;
			productType = "com.apple.product-type.application";
		};
		EA075D8019F9648E00DA23D6 /* MVCsandTests */ = {
			isa = PBXNativeTarget;
			buildConfigurationList = EA075D8E19F9648E00DA23D6 /* Build configuration list for PBXNativeTarget "MVCsandTests" */;
			buildPhases = (
				EA075D7D19F9648E00DA23D6 /* Sources */,
				EA075D7E19F9648E00DA23D6 /* Frameworks */,
				EA075D7F19F9648E00DA23D6 /* Resources */,
			);
			buildRules = (
			);
			dependencies = (
				EA075D8319F9648E00DA23D6 /* PBXTargetDependency */,
			);
			name = MVCsandTests;
			productName = MVCsandTests;
			productReference = EA075D8119F9648E00DA23D6 /* MVCsandTests.xctest */;
			productType = "com.apple.product-type.bundle.unit-test";
		};
/* End PBXNativeTarget section */

/* Begin PBXProject section */
		EA075D6019F9648E00DA23D6 /* Project object */ = {
			isa = PBXProject;
			attributes = {
				LastUpgradeCheck = 0610;
				ORGANIZATIONNAME = "Chad Slater";
				TargetAttributes = {
					EA075D6719F9648E00DA23D6 = {
						CreatedOnToolsVersion = 6.1;
					};
					EA075D8019F9648E00DA23D6 = {
						CreatedOnToolsVersion = 6.1;
						TestTargetID = EA075D6719F9648E00DA23D6;
					};
				};
			};
			buildConfigurationList = EA075D6319F9648E00DA23D6 /* Build configuration list for PBXProject "MVCsand" */;
			compatibilityVersion = "Xcode 3.2";
			developmentRegion = English;
			hasScannedForEncodings = 0;
			knownRegions = (
				en,
				Base,
			);
			mainGroup = EA075D5F19F9648E00DA23D6;
			productRefGroup = EA075D6919F9648E00DA23D6 /* Products */;
			projectDirPath = "";
			projectRoot = "";
			targets = (
				EA075D6719F9648E00DA23D6 /* MVCsand */,
				EA075D8019F9648E00DA23D6 /* MVCsandTests */,
			);
		};
/* End PBXProject section */

/* Begin PBXResourcesBuildPhase section */
		EA075D6619F9648E00DA23D6 /* Resources */ = {
			isa = PBXResourcesBuildPhase;
			buildActionMask = 2147483647;
			files = (
				EA075D7719F9648E00DA23D6 /* Main.storyboard in Resources */,
				EA075D7C19F9648E00DA23D6 /* LaunchScreen.xib in Resources */,
				EA075D7919F9648E00DA23D6 /* Images.xcassets in Resources */,
			);
			runOnlyForDeploymentPostprocessing = 0;
		};
		EA075D7F19F9648E00DA23D6 /* Resources */ = {
			isa = PBXResourcesBuildPhase;
			buildActionMask = 2147483647;
			files = (
			);
			runOnlyForDeploymentPostprocessing = 0;
		};
/* End PBXResourcesBuildPhase section */

/* Begin PBXSourcesBuildPhase section */
		EA075D6419F9648E00DA23D6 /* Sources */ = {
			isa = PBXSourcesBuildPhase;
			buildActionMask = 2147483647;
			files = (
				EA075D9319F9651800DA23D6 /* UIView+DView.m in Sources */,
				EA075D9619F965E200DA23D6 /* NSObject+DataModel.m in Sources */,
				EA075D7419F9648E00DA23D6 /* ViewController.m in Sources */,
				EA075D7119F9648E00DA23D6 /* AppDelegate.m in Sources */,
				EA075D6E19F9648E00DA23D6 /* main.m in Sources */,
			);
			runOnlyForDeploymentPostprocessing = 0;
		};
		EA075D7D19F9648E00DA23D6 /* Sources */ = {
			isa = PBXSourcesBuildPhase;
			buildActionMask = 2147483647;
			files = (
				EA075D8819F9648E00DA23D6 /* MVCsandTests.m in Sources */,
			);
			runOnlyForDeploymentPostprocessing = 0;
		};
/* End PBXSourcesBuildPhase section */

/* Begin PBXTargetDependency section */
		EA075D8319F9648E00DA23D6 /* PBXTargetDependency */ = {
			isa = PBXTargetDependency;
			target = EA075D6719F9648E00DA23D6 /* MVCsand */;
			targetProxy = EA075D8219F9648E00DA23D6 /* PBXContainerItemProxy */;
		};
/* End PBXTargetDependency section */

/* Begin PBXVariantGroup section */
		EA075D7519F9648E00DA23D6 /* Main.storyboard */ = {
			isa = PBXVariantGroup;
			children = (
				EA075D7619F9648E00DA23D6 /* Base */,
			);
			name = Main.storyboard;
			sourceTree = "<group>";
		};
		EA075D7A19F9648E00DA23D6 /* LaunchScreen.xib */ = {
			isa = PBXVariantGroup;
			children = (
				EA075D7B19F9648E00DA23D6 /* Base */,
			);
			name = LaunchScreen.xib;
			sourceTree = "<group>";
		};
/* End PBXVariantGroup section */

/* Begin XCBuildConfiguration section */
		EA075D8919F9648E00DA23D6 /* Debug */ = {
			isa = XCBuildConfiguration;
			buildSettings = {
				ALWAYS_SEARCH_USER_PATHS = NO;
				CLANG_CXX_LANGUAGE_STANDARD = "gnu++0x";
				CLANG_CXX_LIBRARY = "libc++";
				CLANG_ENABLE_MODULES = YES;
				CLANG_ENABLE_OBJC_ARC = YES;
				CLANG_WARN_BOOL_CONVERSION = YES;
				CLANG_WARN_CONSTANT_CONVERSION = YES;
				CLANG_WARN_DIRECT_OBJC_ISA_USAGE = YES_ERROR;
				CLANG_WARN_EMPTY_BODY = YES;
				CLANG_WARN_ENUM_CONVERSION = YES;
				CLANG_WARN_INT_CONVERSION = YES;
				CLANG_WARN_OBJC_ROOT_CLASS = YES_ERROR;
				CLANG_WARN_UNREACHABLE_CODE = YES;
				CLANG_WARN__DUPLICATE_METHOD_MATCH = YES;
				"CODE_SIGN_IDENTITY[sdk=iphoneos*]" = "iPhone Developer";
				COPY_PHASE_STRIP = NO;
				ENABLE_STRICT_OBJC_MSGSEND = YES;
				GCC_C_LANGUAGE_STANDARD = gnu99;
				GCC_DYNAMIC_NO_PIC = NO;
				GCC_OPTIMIZATION_LEVEL = 0;
				GCC_PREPROCESSOR_DEFINITIONS = (
					"DEBUG=1",
					"$(inherited)",
				);
				GCC_SYMBOLS_PRIVATE_EXTERN = NO;
				GCC_WARN_64_TO_32_BIT_CONVERSION = YES;
				GCC_WARN_ABOUT_RETURN_TYPE = YES_ERROR;
				GCC_WARN_UNDECLARED_SELECTOR = YES;
				GCC_WARN_UNINITIALIZED_AUTOS = YES_AGGRESSIVE;
				GCC_WARN_UNUSED_FUNCTION = YES;
				GCC_WARN_UNUSED_VARIABLE = YES;
				IPHONEOS_DEPLOYMENT_TARGET = 8.1;
				MTL_ENABLE_DEBUG_INFO = YES;
				ONLY_ACTIVE_ARCH = YES;
				SDKROOT = iphoneos;
			};
			name = Debug;
		};
		EA075D8A19F9648E00DA23D6 /* Release */ = {
			isa = XCBuildConfiguration;
			buildSettings = {
				ALWAYS_SEARCH_USER_PATHS = NO;
				CLANG_CXX_LANGUAGE_STANDARD = "gnu++0x";
				CLANG_CXX_LIBRARY = "libc++";
				CLANG_ENABLE_MODULES = YES;
				CLANG_ENABLE_OBJC_ARC = YES;
				CLANG_WARN_BOOL_CONVERSION = YES;
				CLANG_WARN_CONSTANT_CONVERSION = YES;
				CLANG_WARN_DIRECT_OBJC_ISA_USAGE = YES_ERROR;
				CLANG_WARN_EMPTY_BODY = YES;
				CLANG_WARN_ENUM_CONVERSION = YES;
				CLANG_WARN_INT_CONVERSION = YES;
				CLANG_WARN_OBJC_ROOT_CLASS = YES_ERROR;
				CLANG_WARN_UNREACHABLE_CODE = YES;
				CLANG_WARN__DUPLICATE_METHOD_MATCH = YES;
				"CODE_SIGN_IDENTITY[sdk=iphoneos*]" = "iPhone Developer";
				COPY_PHASE_STRIP = YES;
				ENABLE_NS_ASSERTIONS = NO;
				ENABLE_STRICT_OBJC_MSGSEND = YES;
				GCC_C_LANGUAGE_STANDARD = gnu99;
				GCC_WARN_64_TO_32_BIT_CONVERSION = YES;
				GCC_WARN_ABOUT_RETURN_TYPE = YES_ERROR;
				GCC_WARN_UNDECLARED_SELECTOR = YES;
				GCC_WARN_UNINITIALIZED_AUTOS = YES_AGGRESSIVE;
				GCC_WARN_UNUSED_FUNCTION = YES;
				GCC_WARN_UNUSED_VARIABLE = YES;
				IPHONEOS_DEPLOYMENT_TARGET = 8.1;
				MTL_ENABLE_DEBUG_INFO = NO;
				SDKROOT = iphoneos;
				VALIDATE_PRODUCT = YES;
			};
			name = Release;
		};
		EA075D8C19F9648E00DA23D6 /* Debug */ = {
			isa = XCBuildConfiguration;
			buildSettings = {
				ASSETCATALOG_COMPILER_APPICON_NAME = AppIcon;
				INFOPLIST_FILE = MVCsand/Info.plist;
				LD_RUNPATH_SEARCH_PATHS = "$(inherited) @executable_path/Frameworks";
				PRODUCT_NAME = "$(TARGET_NAME)";
			};
			name = Debug;
		};
		EA075D8D19F9648E00DA23D6 /* Release */ = {
			isa = XCBuildConfiguration;
			buildSettings = {
				ASSETCATALOG_COMPILER_APPICON_NAME = AppIcon;
				INFOPLIST_FILE = MVCsand/Info.plist;
				LD_RUNPATH_SEARCH_PATHS = "$(inherited) @executable_path/Frameworks";
				PRODUCT_NAME = "$(TARGET_NAME)";
			};
			name = Release;
		};
		EA075D8F19F9648E00DA23D6 /* Debug */ = {
			isa = XCBuildConfiguration;
			buildSettings = {
				BUNDLE_LOADER = "$(TEST_HOST)";
				FRAMEWORK_SEARCH_PATHS = (
					"$(SDKROOT)/Developer/Library/Frameworks",
					"$(inherited)",
				);
				GCC_PREPROCESSOR_DEFINITIONS = (
					"DEBUG=1",
					"$(inherited)",
				);
				INFOPLIST_FILE = MVCsandTests/Info.plist;
				LD_RUNPATH_SEARCH_PATHS = "$(inherited) @executable_path/Frameworks @loader_path/Frameworks";
				PRODUCT_NAME = "$(TARGET_NAME)";
				TEST_HOST = "$(BUILT_PRODUCTS_DIR)/MVCsand.app/MVCsand";
			};
			name = Debug;
		};
		EA075D9019F9648E00DA23D6 /* Release */ = {
			isa = XCBuildConfiguration;
			buildSettings = {
				BUNDLE_LOADER = "$(TEST_HOST)";
				FRAMEWORK_SEARCH_PATHS = (
					"$(SDKROOT)/Developer/Library/Frameworks",
					"$(inherited)",
				);
				INFOPLIST_FILE = MVCsandTests/Info.plist;
				LD_RUNPATH_SEARCH_PATHS = "$(inherited) @executable_path/Frameworks @loader_path/Frameworks";
				PRODUCT_NAME = "$(TARGET_NAME)";
				TEST_HOST = "$(BUILT_PRODUCTS_DIR)/MVCsand.app/MVCsand";
			};
			name = Release;
		};
/* End XCBuildConfiguration section */

/* Begin XCConfigurationList section */
		EA075D6319F9648E00DA23D6 /* Build configuration list for PBXProject "MVCsand" */ = {
			isa = XCConfigurationList;
			buildConfigurations = (
				EA075D8919F9648E00DA23D6 /* Debug */,
				EA075D8A19F9648E00DA23D6 /* Release */,
			);
			defaultConfigurationIsVisible = 0;
			defaultConfigurationName = Release;
		};
		EA075D8B19F9648E00DA23D6 /* Build configuration list for PBXNativeTarget "MVCsand" */ = {
			isa = XCConfigurationList;
			buildConfigurations = (
				EA075D8C19F9648E00DA23D6 /* Debug */,
				EA075D8D19F9648E00DA23D6 /* Release */,
			);
			defaultConfigurationIsVisible = 0;
		};
		EA075D8E19F9648E00DA23D6 /* Build configuration list for PBXNativeTarget "MVCsandTests" */ = {
			isa = XCConfigurationList;
			buildConfigurations = (
				EA075D8F19F9648E00DA23D6 /* Debug */,
				EA075D9019F9648E00DA23D6 /* Release */,
			);
			defaultConfigurationIsVisible = 0;
		};
/* End XCConfigurationList section */
	};
	rootObject = EA075D6019F9648E00DA23D6 /* Project object */;
}
