// !$*UTF8*$!
{
	archiveVersion = 1;
	classes = {
	};
	objectVersion = 46;
	objects = {

/* Begin PBXBuildFile section */
		EAC935141A094D7F00DACBA6 /* AppDelegate.swift in Sources */ = {isa = PBXBuildFile; fileRef = EAC935131A094D7F00DACBA6 /* AppDelegate.swift */; };
		EAC935161A094D7F00DACBA6 /* ViewController.swift in Sources */ = {isa = PBXBuildFile; fileRef = EAC935151A094D7F00DACBA6 /* ViewController.swift */; };
		EAC935191A094D7F00DACBA6 /* Main.storyboard in Resources */ = {isa = PBXBuildFile; fileRef = EAC935171A094D7F00DACBA6 /* Main.storyboard */; };
		EAC9351B1A094D7F00DACBA6 /* Images.xcassets in Resources */ = {isa = PBXBuildFile; fileRef = EAC9351A1A094D7F00DACBA6 /* Images.xcassets */; };
		EAC9351E1A094D7F00DACBA6 /* LaunchScreen.xib in Resources */ = {isa = PBXBuildFile; fileRef = EAC9351C1A094D7F00DACBA6 /* LaunchScreen.xib */; };
		EAC9352A1A094D7F00DACBA6 /* AnimatingTests.swift in Sources */ = {isa = PBXBuildFile; fileRef = EAC935291A094D7F00DACBA6 /* AnimatingTests.swift */; };
/* End PBXBuildFile section */

/* Begin PBXContainerItemProxy section */
		EAC935241A094D7F00DACBA6 /* PBXContainerItemProxy */ = {
			isa = PBXContainerItemProxy;
			containerPortal = EAC935061A094D7F00DACBA6 /* Project object */;
			proxyType = 1;
			remoteGlobalIDString = EAC9350D1A094D7F00DACBA6;
			remoteInfo = Animating;
		};
/* End PBXContainerItemProxy section */

/* Begin PBXFileReference section */
		EAC9350E1A094D7F00DACBA6 /* Animating.app */ = {isa = PBXFileReference; explicitFileType = wrapper.application; includeInIndex = 0; path = Animating.app; sourceTree = BUILT_PRODUCTS_DIR; };
		EAC935121A094D7F00DACBA6 /* Info.plist */ = {isa = PBXFileReference; lastKnownFileType = text.plist.xml; path = Info.plist; sourceTree = "<group>"; };
		EAC935131A094D7F00DACBA6 /* AppDelegate.swift */ = {isa = PBXFileReference; lastKnownFileType = sourcecode.swift; path = AppDelegate.swift; sourceTree = "<group>"; };
		EAC935151A094D7F00DACBA6 /* ViewController.swift */ = {isa = PBXFileReference; lastKnownFileType = sourcecode.swift; path = ViewController.swift; sourceTree = "<group>"; };
		EAC935181A094D7F00DACBA6 /* Base */ = {isa = PBXFileReference; lastKnownFileType = file.storyboard; name = Base; path = Base.lproj/Main.storyboard; sourceTree = "<group>"; };
		EAC9351A1A094D7F00DACBA6 /* Images.xcassets */ = {isa = PBXFileReference; lastKnownFileType = folder.assetcatalog; path = Images.xcassets; sourceTree = "<group>"; };
		EAC9351D1A094D7F00DACBA6 /* Base */ = {isa = PBXFileReference; lastKnownFileType = file.xib; name = Base; path = Base.lproj/LaunchScreen.xib; sourceTree = "<group>"; };
		EAC935231A094D7F00DACBA6 /* AnimatingTests.xctest */ = {isa = PBXFileReference; explicitFileType = wrapper.cfbundle; includeInIndex = 0; path = AnimatingTests.xctest; sourceTree = BUILT_PRODUCTS_DIR; };
		EAC935281A094D7F00DACBA6 /* Info.plist */ = {isa = PBXFileReference; lastKnownFileType = text.plist.xml; path = Info.plist; sourceTree = "<group>"; };
		EAC935291A094D7F00DACBA6 /* AnimatingTests.swift */ = {isa = PBXFileReference; lastKnownFileType = sourcecode.swift; path = AnimatingTests.swift; sourceTree = "<group>"; };
/* End PBXFileReference section */

/* Begin PBXFrameworksBuildPhase section */
		EAC9350B1A094D7F00DACBA6 /* Frameworks */ = {
			isa = PBXFrameworksBuildPhase;
			buildActionMask = 2147483647;
			files = (
			);
			runOnlyForDeploymentPostprocessing = 0;
		};
		EAC935201A094D7F00DACBA6 /* Frameworks */ = {
			isa = PBXFrameworksBuildPhase;
			buildActionMask = 2147483647;
			files = (
			);
			runOnlyForDeploymentPostprocessing = 0;
		};
/* End PBXFrameworksBuildPhase section */

/* Begin PBXGroup section */
		EAC935051A094D7F00DACBA6 = {
			isa = PBXGroup;
			children = (
				EAC935101A094D7F00DACBA6 /* Animating */,
				EAC935261A094D7F00DACBA6 /* AnimatingTests */,
				EAC9350F1A094D7F00DACBA6 /* Products */,
			);
			sourceTree = "<group>";
		};
		EAC9350F1A094D7F00DACBA6 /* Products */ = {
			isa = PBXGroup;
			children = (
				EAC9350E1A094D7F00DACBA6 /* Animating.app */,
				EAC935231A094D7F00DACBA6 /* AnimatingTests.xctest */,
			);
			name = Products;
			sourceTree = "<group>";
		};
		EAC935101A094D7F00DACBA6 /* Animating */ = {
			isa = PBXGroup;
			children = (
				EAC935131A094D7F00DACBA6 /* AppDelegate.swift */,
				EAC935151A094D7F00DACBA6 /* ViewController.swift */,
				EAC935171A094D7F00DACBA6 /* Main.storyboard */,
				EAC9351A1A094D7F00DACBA6 /* Images.xcassets */,
				EAC9351C1A094D7F00DACBA6 /* LaunchScreen.xib */,
				EAC935111A094D7F00DACBA6 /* Supporting Files */,
			);
			path = Animating;
			sourceTree = "<group>";
		};
		EAC935111A094D7F00DACBA6 /* Supporting Files */ = {
			isa = PBXGroup;
			children = (
				EAC935121A094D7F00DACBA6 /* Info.plist */,
			);
			name = "Supporting Files";
			sourceTree = "<group>";
		};
		EAC935261A094D7F00DACBA6 /* AnimatingTests */ = {
			isa = PBXGroup;
			children = (
				EAC935291A094D7F00DACBA6 /* AnimatingTests.swift */,
				EAC935271A094D7F00DACBA6 /* Supporting Files */,
			);
			path = AnimatingTests;
			sourceTree = "<group>";
		};
		EAC935271A094D7F00DACBA6 /* Supporting Files */ = {
			isa = PBXGroup;
			children = (
				EAC935281A094D7F00DACBA6 /* Info.plist */,
			);
			name = "Supporting Files";
			sourceTree = "<group>";
		};
/* End PBXGroup section */

/* Begin PBXNativeTarget section */
		EAC9350D1A094D7F00DACBA6 /* Animating */ = {
			isa = PBXNativeTarget;
			buildConfigurationList = EAC9352D1A094D7F00DACBA6 /* Build configuration list for PBXNativeTarget "Animating" */;
			buildPhases = (
				EAC9350A1A094D7F00DACBA6 /* Sources */,
				EAC9350B1A094D7F00DACBA6 /* Frameworks */,
				EAC9350C1A094D7F00DACBA6 /* Resources */,
			);
			buildRules = (
			);
			dependencies = (
			);
			name = Animating;
			productName = Animating;
			productReference = EAC9350E1A094D7F00DACBA6 /* Animating.app */;
			productType = "com.apple.product-type.application";
		};
		EAC935221A094D7F00DACBA6 /* AnimatingTests */ = {
			isa = PBXNativeTarget;
			buildConfigurationList = EAC935301A094D7F00DACBA6 /* Build configuration list for PBXNativeTarget "AnimatingTests" */;
			buildPhases = (
				EAC9351F1A094D7F00DACBA6 /* Sources */,
				EAC935201A094D7F00DACBA6 /* Frameworks */,
				EAC935211A094D7F00DACBA6 /* Resources */,
			);
			buildRules = (
			);
			dependencies = (
				EAC935251A094D7F00DACBA6 /* PBXTargetDependency */,
			);
			name = AnimatingTests;
			productName = AnimatingTests;
			productReference = EAC935231A094D7F00DACBA6 /* AnimatingTests.xctest */;
			productType = "com.apple.product-type.bundle.unit-test";
		};
/* End PBXNativeTarget section */

/* Begin PBXProject section */
		EAC935061A094D7F00DACBA6 /* Project object */ = {
			isa = PBXProject;
			attributes = {
				LastUpgradeCheck = 0610;
				ORGANIZATIONNAME = "Chad Slater";
				TargetAttributes = {
					EAC9350D1A094D7F00DACBA6 = {
						CreatedOnToolsVersion = 6.1;
					};
					EAC935221A094D7F00DACBA6 = {
						CreatedOnToolsVersion = 6.1;
						TestTargetID = EAC9350D1A094D7F00DACBA6;
					};
				};
			};
			buildConfigurationList = EAC935091A094D7F00DACBA6 /* Build configuration list for PBXProject "Animating" */;
			compatibilityVersion = "Xcode 3.2";
			developmentRegion = English;
			hasScannedForEncodings = 0;
			knownRegions = (
				en,
				Base,
			);
			mainGroup = EAC935051A094D7F00DACBA6;
			productRefGroup = EAC9350F1A094D7F00DACBA6 /* Products */;
			projectDirPath = "";
			projectRoot = "";
			targets = (
				EAC9350D1A094D7F00DACBA6 /* Animating */,
				EAC935221A094D7F00DACBA6 /* AnimatingTests */,
			);
		};
/* End PBXProject section */

/* Begin PBXResourcesBuildPhase section */
		EAC9350C1A094D7F00DACBA6 /* Resources */ = {
			isa = PBXResourcesBuildPhase;
			buildActionMask = 2147483647;
			files = (
				EAC935191A094D7F00DACBA6 /* Main.storyboard in Resources */,
				EAC9351E1A094D7F00DACBA6 /* LaunchScreen.xib in Resources */,
				EAC9351B1A094D7F00DACBA6 /* Images.xcassets in Resources */,
			);
			runOnlyForDeploymentPostprocessing = 0;
		};
		EAC935211A094D7F00DACBA6 /* Resources */ = {
			isa = PBXResourcesBuildPhase;
			buildActionMask = 2147483647;
			files = (
			);
			runOnlyForDeploymentPostprocessing = 0;
		};
/* End PBXResourcesBuildPhase section */

/* Begin PBXSourcesBuildPhase section */
		EAC9350A1A094D7F00DACBA6 /* Sources */ = {
			isa = PBXSourcesBuildPhase;
			buildActionMask = 2147483647;
			files = (
				EAC935161A094D7F00DACBA6 /* ViewController.swift in Sources */,
				EAC935141A094D7F00DACBA6 /* AppDelegate.swift in Sources */,
			);
			runOnlyForDeploymentPostprocessing = 0;
		};
		EAC9351F1A094D7F00DACBA6 /* Sources */ = {
			isa = PBXSourcesBuildPhase;
			buildActionMask = 2147483647;
			files = (
				EAC9352A1A094D7F00DACBA6 /* AnimatingTests.swift in Sources */,
			);
			runOnlyForDeploymentPostprocessing = 0;
		};
/* End PBXSourcesBuildPhase section */

/* Begin PBXTargetDependency section */
		EAC935251A094D7F00DACBA6 /* PBXTargetDependency */ = {
			isa = PBXTargetDependency;
			target = EAC9350D1A094D7F00DACBA6 /* Animating */;
			targetProxy = EAC935241A094D7F00DACBA6 /* PBXContainerItemProxy */;
		};
/* End PBXTargetDependency section */

/* Begin PBXVariantGroup section */
		EAC935171A094D7F00DACBA6 /* Main.storyboard */ = {
			isa = PBXVariantGroup;
			children = (
				EAC935181A094D7F00DACBA6 /* Base */,
			);
			name = Main.storyboard;
			sourceTree = "<group>";
		};
		EAC9351C1A094D7F00DACBA6 /* LaunchScreen.xib */ = {
			isa = PBXVariantGroup;
			children = (
				EAC9351D1A094D7F00DACBA6 /* Base */,
			);
			name = LaunchScreen.xib;
			sourceTree = "<group>";
		};
/* End PBXVariantGroup section */

/* Begin XCBuildConfiguration section */
		EAC9352B1A094D7F00DACBA6 /* Debug */ = {
			isa = XCBuildConfiguration;
			buildSettings = {
				ALWAYS_SEARCH_USER_PATHS = NO;
				CLANG_CXX_LANGUAGE_STANDARD = "gnu++0x";
				CLANG_CXX_LIBRARY = "libc++";
				CLANG_ENABLE_MODULES = YES;
				CLANG_ENABLE_OBJC_ARC = YES;
				CLANG_WARN_BOOL_CONVERSION = YES;
				CLANG_WARN_CONSTANT_CONVERSION = YES;
				CLANG_WARN_DIRECT_OBJC_ISA_USAGE = YES_ERROR;
				CLANG_WARN_EMPTY_BODY = YES;
				CLANG_WARN_ENUM_CONVERSION = YES;
				CLANG_WARN_INT_CONVERSION = YES;
				CLANG_WARN_OBJC_ROOT_CLASS = YES_ERROR;
				CLANG_WARN_UNREACHABLE_CODE = YES;
				CLANG_WARN__DUPLICATE_METHOD_MATCH = YES;
				"CODE_SIGN_IDENTITY[sdk=iphoneos*]" = "iPhone Developer";
				COPY_PHASE_STRIP = NO;
				ENABLE_STRICT_OBJC_MSGSEND = YES;
				GCC_C_LANGUAGE_STANDARD = gnu99;
				GCC_DYNAMIC_NO_PIC = NO;
				GCC_OPTIMIZATION_LEVEL = 0;
				GCC_PREPROCESSOR_DEFINITIONS = (
					"DEBUG=1",
					"$(inherited)",
				);
				GCC_SYMBOLS_PRIVATE_EXTERN = NO;
				GCC_WARN_64_TO_32_BIT_CONVERSION = YES;
				GCC_WARN_ABOUT_RETURN_TYPE = YES_ERROR;
				GCC_WARN_UNDECLARED_SELECTOR = YES;
				GCC_WARN_UNINITIALIZED_AUTOS = YES_AGGRESSIVE;
				GCC_WARN_UNUSED_FUNCTION = YES;
				GCC_WARN_UNUSED_VARIABLE = YES;
				IPHONEOS_DEPLOYMENT_TARGET = 8.1;
				MTL_ENABLE_DEBUG_INFO = YES;
				ONLY_ACTIVE_ARCH = YES;
				SDKROOT = iphoneos;
				SWIFT_OPTIMIZATION_LEVEL = "-Onone";
			};
			name = Debug;
		};
		EAC9352C1A094D7F00DACBA6 /* Release */ = {
			isa = XCBuildConfiguration;
			buildSettings = {
				ALWAYS_SEARCH_USER_PATHS = NO;
				CLANG_CXX_LANGUAGE_STANDARD = "gnu++0x";
				CLANG_CXX_LIBRARY = "libc++";
				CLANG_ENABLE_MODULES = YES;
				CLANG_ENABLE_OBJC_ARC = YES;
				CLANG_WARN_BOOL_CONVERSION = YES;
				CLANG_WARN_CONSTANT_CONVERSION = YES;
				CLANG_WARN_DIRECT_OBJC_ISA_USAGE = YES_ERROR;
				CLANG_WARN_EMPTY_BODY = YES;
				CLANG_WARN_ENUM_CONVERSION = YES;
				CLANG_WARN_INT_CONVERSION = YES;
				CLANG_WARN_OBJC_ROOT_CLASS = YES_ERROR;
				CLANG_WARN_UNREACHABLE_CODE = YES;
				CLANG_WARN__DUPLICATE_METHOD_MATCH = YES;
				"CODE_SIGN_IDENTITY[sdk=iphoneos*]" = "iPhone Developer";
				COPY_PHASE_STRIP = YES;
				ENABLE_NS_ASSERTIONS = NO;
				ENABLE_STRICT_OBJC_MSGSEND = YES;
				GCC_C_LANGUAGE_STANDARD = gnu99;
				GCC_WARN_64_TO_32_BIT_CONVERSION = YES;
				GCC_WARN_ABOUT_RETURN_TYPE = YES_ERROR;
				GCC_WARN_UNDECLARED_SELECTOR = YES;
				GCC_WARN_UNINITIALIZED_AUTOS = YES_AGGRESSIVE;
				GCC_WARN_UNUSED_FUNCTION = YES;
				GCC_WARN_UNUSED_VARIABLE = YES;
				IPHONEOS_DEPLOYMENT_TARGET = 8.1;
				MTL_ENABLE_DEBUG_INFO = NO;
				SDKROOT = iphoneos;
				VALIDATE_PRODUCT = YES;
			};
			name = Release;
		};
		EAC9352E1A094D7F00DACBA6 /* Debug */ = {
			isa = XCBuildConfiguration;
			buildSettings = {
				ASSETCATALOG_COMPILER_APPICON_NAME = AppIcon;
				INFOPLIST_FILE = Animating/Info.plist;
				LD_RUNPATH_SEARCH_PATHS = "$(inherited) @executable_path/Frameworks";
				PRODUCT_NAME = "$(TARGET_NAME)";
			};
			name = Debug;
		};
		EAC9352F1A094D7F00DACBA6 /* Release */ = {
			isa = XCBuildConfiguration;
			buildSettings = {
				ASSETCATALOG_COMPILER_APPICON_NAME = AppIcon;
				INFOPLIST_FILE = Animating/Info.plist;
				LD_RUNPATH_SEARCH_PATHS = "$(inherited) @executable_path/Frameworks";
				PRODUCT_NAME = "$(TARGET_NAME)";
			};
			name = Release;
		};
		EAC935311A094D7F00DACBA6 /* Debug */ = {
			isa = XCBuildConfiguration;
			buildSettings = {
				BUNDLE_LOADER = "$(TEST_HOST)";
				FRAMEWORK_SEARCH_PATHS = (
					"$(SDKROOT)/Developer/Library/Frameworks",
					"$(inherited)",
				);
				GCC_PREPROCESSOR_DEFINITIONS = (
					"DEBUG=1",
					"$(inherited)",
				);
				INFOPLIST_FILE = AnimatingTests/Info.plist;
				LD_RUNPATH_SEARCH_PATHS = "$(inherited) @executable_path/Frameworks @loader_path/Frameworks";
				PRODUCT_NAME = "$(TARGET_NAME)";
				TEST_HOST = "$(BUILT_PRODUCTS_DIR)/Animating.app/Animating";
			};
			name = Debug;
		};
		EAC935321A094D7F00DACBA6 /* Release */ = {
			isa = XCBuildConfiguration;
			buildSettings = {
				BUNDLE_LOADER = "$(TEST_HOST)";
				FRAMEWORK_SEARCH_PATHS = (
					"$(SDKROOT)/Developer/Library/Frameworks",
					"$(inherited)",
				);
				INFOPLIST_FILE = AnimatingTests/Info.plist;
				LD_RUNPATH_SEARCH_PATHS = "$(inherited) @executable_path/Frameworks @loader_path/Frameworks";
				PRODUCT_NAME = "$(TARGET_NAME)";
				TEST_HOST = "$(BUILT_PRODUCTS_DIR)/Animating.app/Animating";
			};
			name = Release;
		};
/* End XCBuildConfiguration section */

/* Begin XCConfigurationList section */
		EAC935091A094D7F00DACBA6 /* Build configuration list for PBXProject "Animating" */ = {
			isa = XCConfigurationList;
			buildConfigurations = (
				EAC9352B1A094D7F00DACBA6 /* Debug */,
				EAC9352C1A094D7F00DACBA6 /* Release */,
			);
			defaultConfigurationIsVisible = 0;
			defaultConfigurationName = Release;
		};
		EAC9352D1A094D7F00DACBA6 /* Build configuration list for PBXNativeTarget "Animating" */ = {
			isa = XCConfigurationList;
			buildConfigurations = (
				EAC9352E1A094D7F00DACBA6 /* Debug */,
				EAC9352F1A094D7F00DACBA6 /* Release */,
			);
			defaultConfigurationIsVisible = 0;
		};
		EAC935301A094D7F00DACBA6 /* Build configuration list for PBXNativeTarget "AnimatingTests" */ = {
			isa = XCConfigurationList;
			buildConfigurations = (
				EAC935311A094D7F00DACBA6 /* Debug */,
				EAC935321A094D7F00DACBA6 /* Release */,
			);
			defaultConfigurationIsVisible = 0;
		};
/* End XCConfigurationList section */
	};
	rootObject = EAC935061A094D7F00DACBA6 /* Project object */;
}
