// !$*UTF8*$!
{
	archiveVersion = 1;
	classes = {
	};
	objectVersion = 46;
	objects = {

/* Begin PBXBuildFile section */
		EAEBB1DE19EF5023001D890F /* main.m in Sources */ = {isa = PBXBuildFile; fileRef = EAEBB1DD19EF5023001D890F /* main.m */; };
/* End PBXBuildFile section */

/* Begin PBXCopyFilesBuildPhase section */
		EAEBB1D819EF5023001D890F /* CopyFiles */ = {
			isa = PBXCopyFilesBuildPhase;
			buildActionMask = 2147483647;
			dstPath = /usr/share/man/man1/;
			dstSubfolderSpec = 0;
			files = (
			);
			runOnlyForDeploymentPostprocessing = 1;
		};
/* End PBXCopyFilesBuildPhase section */

/* Begin PBXFileReference section */
		EAEBB1DA19EF5023001D890F /* JSONSynchronousRequest */ = {isa = PBXFileReference; explicitFileType = "compiled.mach-o.executable"; includeInIndex = 0; path = JSONSynchronousRequest; sourceTree = BUILT_PRODUCTS_DIR; };
		EAEBB1DD19EF5023001D890F /* main.m */ = {isa = PBXFileReference; lastKnownFileType = sourcecode.c.objc; path = main.m; sourceTree = "<group>"; };
/* End PBXFileReference section */

/* Begin PBXFrameworksBuildPhase section */
		EAEBB1D719EF5023001D890F /* Frameworks */ = {
			isa = PBXFrameworksBuildPhase;
			buildActionMask = 2147483647;
			files = (
			);
			runOnlyForDeploymentPostprocessing = 0;
		};
/* End PBXFrameworksBuildPhase section */

/* Begin PBXGroup section */
		EAEBB1D119EF5023001D890F = {
			isa = PBXGroup;
			children = (
				EAEBB1DC19EF5023001D890F /* JSONSynchronousRequest */,
				EAEBB1DB19EF5023001D890F /* Products */,
			);
			sourceTree = "<group>";
		};
		EAEBB1DB19EF5023001D890F /* Products */ = {
			isa = PBXGroup;
			children = (
				EAEBB1DA19EF5023001D890F /* JSONSynchronousRequest */,
			);
			name = Products;
			sourceTree = "<group>";
		};
		EAEBB1DC19EF5023001D890F /* JSONSynchronousRequest */ = {
			isa = PBXGroup;
			children = (
				EAEBB1DD19EF5023001D890F /* main.m */,
			);
			path = JSONSynchronousRequest;
			sourceTree = "<group>";
		};
/* End PBXGroup section */

/* Begin PBXNativeTarget section */
		EAEBB1D919EF5023001D890F /* JSONSynchronousRequest */ = {
			isa = PBXNativeTarget;
			buildConfigurationList = EAEBB1E119EF5023001D890F /* Build configuration list for PBXNativeTarget "JSONSynchronousRequest" */;
			buildPhases = (
				EAEBB1D619EF5023001D890F /* Sources */,
				EAEBB1D719EF5023001D890F /* Frameworks */,
				EAEBB1D819EF5023001D890F /* CopyFiles */,
			);
			buildRules = (
			);
			dependencies = (
			);
			name = JSONSynchronousRequest;
			productName = JSONSynchronousRequest;
			productReference = EAEBB1DA19EF5023001D890F /* JSONSynchronousRequest */;
			productType = "com.apple.product-type.tool";
		};
/* End PBXNativeTarget section */

/* Begin PBXProject section */
		EAEBB1D219EF5023001D890F /* Project object */ = {
			isa = PBXProject;
			attributes = {
				LastUpgradeCheck = 0610;
				ORGANIZATIONNAME = "Chad Slater";
				TargetAttributes = {
					EAEBB1D919EF5023001D890F = {
						CreatedOnToolsVersion = 6.1;
					};
				};
			};
			buildConfigurationList = EAEBB1D519EF5023001D890F /* Build configuration list for PBXProject "JSONSynchronousRequest" */;
			compatibilityVersion = "Xcode 3.2";
			developmentRegion = English;
			hasScannedForEncodings = 0;
			knownRegions = (
				en,
			);
			mainGroup = EAEBB1D119EF5023001D890F;
			productRefGroup = EAEBB1DB19EF5023001D890F /* Products */;
			projectDirPath = "";
			projectRoot = "";
			targets = (
				EAEBB1D919EF5023001D890F /* JSONSynchronousRequest */,
			);
		};
/* End PBXProject section */

/* Begin PBXSourcesBuildPhase section */
		EAEBB1D619EF5023001D890F /* Sources */ = {
			isa = PBXSourcesBuildPhase;
			buildActionMask = 2147483647;
			files = (
				EAEBB1DE19EF5023001D890F /* main.m in Sources */,
			);
			runOnlyForDeploymentPostprocessing = 0;
		};
/* End PBXSourcesBuildPhase section */

/* Begin XCBuildConfiguration section */
		EAEBB1DF19EF5023001D890F /* Debug */ = {
			isa = XCBuildConfiguration;
			buildSettings = {
				ALWAYS_SEARCH_USER_PATHS = NO;
				CLANG_CXX_LANGUAGE_STANDARD = "gnu++0x";
				CLANG_CXX_LIBRARY = "libc++";
				CLANG_ENABLE_MODULES = YES;
				CLANG_ENABLE_OBJC_ARC = YES;
				CLANG_WARN_BOOL_CONVERSION = YES;
				CLANG_WARN_CONSTANT_CONVERSION = YES;
				CLANG_WARN_DIRECT_OBJC_ISA_USAGE = YES_ERROR;
				CLANG_WARN_EMPTY_BODY = YES;
				CLANG_WARN_ENUM_CONVERSION = YES;
				CLANG_WARN_INT_CONVERSION = YES;
				CLANG_WARN_OBJC_ROOT_CLASS = YES_ERROR;
				CLANG_WARN_UNREACHABLE_CODE = YES;
				CLANG_WARN__DUPLICATE_METHOD_MATCH = YES;
				COPY_PHASE_STRIP = NO;
				ENABLE_STRICT_OBJC_MSGSEND = YES;
				GCC_C_LANGUAGE_STANDARD = gnu99;
				GCC_DYNAMIC_NO_PIC = NO;
				GCC_OPTIMIZATION_LEVEL = 0;
				GCC_PREPROCESSOR_DEFINITIONS = (
					"DEBUG=1",
					"$(inherited)",
				);
				GCC_SYMBOLS_PRIVATE_EXTERN = NO;
				GCC_WARN_64_TO_32_BIT_CONVERSION = YES;
				GCC_WARN_ABOUT_RETURN_TYPE = YES_ERROR;
				GCC_WARN_UNDECLARED_SELECTOR = YES;
				GCC_WARN_UNINITIALIZED_AUTOS = YES_AGGRESSIVE;
				GCC_WARN_UNUSED_FUNCTION = YES;
				GCC_WARN_UNUSED_VARIABLE = YES;
				MACOSX_DEPLOYMENT_TARGET = 10.9;
				MTL_ENABLE_DEBUG_INFO = YES;
				ONLY_ACTIVE_ARCH = YES;
				SDKROOT = macosx;
			};
			name = Debug;
		};
		EAEBB1E019EF5023001D890F /* Release */ = {
			isa = XCBuildConfiguration;
			buildSettings = {
				ALWAYS_SEARCH_USER_PATHS = NO;
				CLANG_CXX_LANGUAGE_STANDARD = "gnu++0x";
				CLANG_CXX_LIBRARY = "libc++";
				CLANG_ENABLE_MODULES = YES;
				CLANG_ENABLE_OBJC_ARC = YES;
				CLANG_WARN_BOOL_CONVERSION = YES;
				CLANG_WARN_CONSTANT_CONVERSION = YES;
				CLANG_WARN_DIRECT_OBJC_ISA_USAGE = YES_ERROR;
				CLANG_WARN_EMPTY_BODY = YES;
				CLANG_WARN_ENUM_CONVERSION = YES;
				CLANG_WARN_INT_CONVERSION = YES;
				CLANG_WARN_OBJC_ROOT_CLASS = YES_ERROR;
				CLANG_WARN_UNREACHABLE_CODE = YES;
				CLANG_WARN__DUPLICATE_METHOD_MATCH = YES;
				COPY_PHASE_STRIP = YES;
				DEBUG_INFORMATION_FORMAT = "dwarf-with-dsym";
				ENABLE_NS_ASSERTIONS = NO;
				ENABLE_STRICT_OBJC_MSGSEND = YES;
				GCC_C_LANGUAGE_STANDARD = gnu99;
				GCC_WARN_64_TO_32_BIT_CONVERSION = YES;
				GCC_WARN_ABOUT_RETURN_TYPE = YES_ERROR;
				GCC_WARN_UNDECLARED_SELECTOR = YES;
				GCC_WARN_UNINITIALIZED_AUTOS = YES_AGGRESSIVE;
				GCC_WARN_UNUSED_FUNCTION = YES;
				GCC_WARN_UNUSED_VARIABLE = YES;
				MACOSX_DEPLOYMENT_TARGET = 10.9;
				MTL_ENABLE_DEBUG_INFO = NO;
				SDKROOT = macosx;
			};
			name = Release;
		};
		EAEBB1E219EF5023001D890F /* Debug */ = {
			isa = XCBuildConfiguration;
			buildSettings = {
				PRODUCT_NAME = "$(TARGET_NAME)";
			};
			name = Debug;
		};
		EAEBB1E319EF5023001D890F /* Release */ = {
			isa = XCBuildConfiguration;
			buildSettings = {
				PRODUCT_NAME = "$(TARGET_NAME)";
			};
			name = Release;
		};
/* End XCBuildConfiguration section */

/* Begin XCConfigurationList section */
		EAEBB1D519EF5023001D890F /* Build configuration list for PBXProject "JSONSynchronousRequest" */ = {
			isa = XCConfigurationList;
			buildConfigurations = (
				EAEBB1DF19EF5023001D890F /* Debug */,
				EAEBB1E019EF5023001D890F /* Release */,
			);
			defaultConfigurationIsVisible = 0;
			defaultConfigurationName = Release;
		};
		EAEBB1E119EF5023001D890F /* Build configuration list for PBXNativeTarget "JSONSynchronousRequest" */ = {
			isa = XCConfigurationList;
			buildConfigurations = (
				EAEBB1E219EF5023001D890F /* Debug */,
				EAEBB1E319EF5023001D890F /* Release */,
			);
			defaultConfigurationIsVisible = 0;
		};
/* End XCConfigurationList section */
	};
	rootObject = EAEBB1D219EF5023001D890F /* Project object */;
}
