// !$*UTF8*$!
{
	archiveVersion = 1;
	classes = {
	};
	objectVersion = 46;
	objects = {

/* Begin PBXBuildFile section */
		EA4219AE19F57CCF0040CB61 /* main.m in Sources */ = {isa = PBXBuildFile; fileRef = EA4219AD19F57CCF0040CB61 /* main.m */; };
		EA4219B119F57CCF0040CB61 /* AppDelegate.m in Sources */ = {isa = PBXBuildFile; fileRef = EA4219B019F57CCF0040CB61 /* AppDelegate.m */; };
		EA4219B419F57CCF0040CB61 /* ViewController.m in Sources */ = {isa = PBXBuildFile; fileRef = EA4219B319F57CCF0040CB61 /* ViewController.m */; };
		EA4219B719F57CCF0040CB61 /* Main.storyboard in Resources */ = {isa = PBXBuildFile; fileRef = EA4219B519F57CCF0040CB61 /* Main.storyboard */; };
		EA4219B919F57CCF0040CB61 /* Images.xcassets in Resources */ = {isa = PBXBuildFile; fileRef = EA4219B819F57CCF0040CB61 /* Images.xcassets */; };
		EA4219BC19F57CCF0040CB61 /* LaunchScreen.xib in Resources */ = {isa = PBXBuildFile; fileRef = EA4219BA19F57CCF0040CB61 /* LaunchScreen.xib */; };
		EA4219C819F57CCF0040CB61 /* OOPsandTests.m in Sources */ = {isa = PBXBuildFile; fileRef = EA4219C719F57CCF0040CB61 /* OOPsandTests.m */; };
/* End PBXBuildFile section */

/* Begin PBXContainerItemProxy section */
		EA4219C219F57CCF0040CB61 /* PBXContainerItemProxy */ = {
			isa = PBXContainerItemProxy;
			containerPortal = EA4219A019F57CCF0040CB61 /* Project object */;
			proxyType = 1;
			remoteGlobalIDString = EA4219A719F57CCF0040CB61;
			remoteInfo = OOPsand;
		};
/* End PBXContainerItemProxy section */

/* Begin PBXFileReference section */
		EA4219A819F57CCF0040CB61 /* OOPsand.app */ = {isa = PBXFileReference; explicitFileType = wrapper.application; includeInIndex = 0; path = OOPsand.app; sourceTree = BUILT_PRODUCTS_DIR; };
		EA4219AC19F57CCF0040CB61 /* Info.plist */ = {isa = PBXFileReference; lastKnownFileType = text.plist.xml; path = Info.plist; sourceTree = "<group>"; };
		EA4219AD19F57CCF0040CB61 /* main.m */ = {isa = PBXFileReference; lastKnownFileType = sourcecode.c.objc; path = main.m; sourceTree = "<group>"; };
		EA4219AF19F57CCF0040CB61 /* AppDelegate.h */ = {isa = PBXFileReference; lastKnownFileType = sourcecode.c.h; path = AppDelegate.h; sourceTree = "<group>"; };
		EA4219B019F57CCF0040CB61 /* AppDelegate.m */ = {isa = PBXFileReference; lastKnownFileType = sourcecode.c.objc; path = AppDelegate.m; sourceTree = "<group>"; };
		EA4219B219F57CCF0040CB61 /* ViewController.h */ = {isa = PBXFileReference; lastKnownFileType = sourcecode.c.h; path = ViewController.h; sourceTree = "<group>"; };
		EA4219B319F57CCF0040CB61 /* ViewController.m */ = {isa = PBXFileReference; lastKnownFileType = sourcecode.c.objc; path = ViewController.m; sourceTree = "<group>"; };
		EA4219B619F57CCF0040CB61 /* Base */ = {isa = PBXFileReference; lastKnownFileType = file.storyboard; name = Base; path = Base.lproj/Main.storyboard; sourceTree = "<group>"; };
		EA4219B819F57CCF0040CB61 /* Images.xcassets */ = {isa = PBXFileReference; lastKnownFileType = folder.assetcatalog; path = Images.xcassets; sourceTree = "<group>"; };
		EA4219BB19F57CCF0040CB61 /* Base */ = {isa = PBXFileReference; lastKnownFileType = file.xib; name = Base; path = Base.lproj/LaunchScreen.xib; sourceTree = "<group>"; };
		EA4219C119F57CCF0040CB61 /* OOPsandTests.xctest */ = {isa = PBXFileReference; explicitFileType = wrapper.cfbundle; includeInIndex = 0; path = OOPsandTests.xctest; sourceTree = BUILT_PRODUCTS_DIR; };
		EA4219C619F57CCF0040CB61 /* Info.plist */ = {isa = PBXFileReference; lastKnownFileType = text.plist.xml; path = Info.plist; sourceTree = "<group>"; };
		EA4219C719F57CCF0040CB61 /* OOPsandTests.m */ = {isa = PBXFileReference; lastKnownFileType = sourcecode.c.objc; path = OOPsandTests.m; sourceTree = "<group>"; };
/* End PBXFileReference section */

/* Begin PBXFrameworksBuildPhase section */
		EA4219A519F57CCF0040CB61 /* Frameworks */ = {
			isa = PBXFrameworksBuildPhase;
			buildActionMask = 2147483647;
			files = (
			);
			runOnlyForDeploymentPostprocessing = 0;
		};
		EA4219BE19F57CCF0040CB61 /* Frameworks */ = {
			isa = PBXFrameworksBuildPhase;
			buildActionMask = 2147483647;
			files = (
			);
			runOnlyForDeploymentPostprocessing = 0;
		};
/* End PBXFrameworksBuildPhase section */

/* Begin PBXGroup section */
		EA42199F19F57CCF0040CB61 = {
			isa = PBXGroup;
			children = (
				EA4219AA19F57CCF0040CB61 /* OOPsand */,
				EA4219C419F57CCF0040CB61 /* OOPsandTests */,
				EA4219A919F57CCF0040CB61 /* Products */,
			);
			sourceTree = "<group>";
		};
		EA4219A919F57CCF0040CB61 /* Products */ = {
			isa = PBXGroup;
			children = (
				EA4219A819F57CCF0040CB61 /* OOPsand.app */,
				EA4219C119F57CCF0040CB61 /* OOPsandTests.xctest */,
			);
			name = Products;
			sourceTree = "<group>";
		};
		EA4219AA19F57CCF0040CB61 /* OOPsand */ = {
			isa = PBXGroup;
			children = (
				EA4219AF19F57CCF0040CB61 /* AppDelegate.h */,
				EA4219B019F57CCF0040CB61 /* AppDelegate.m */,
				EA4219B219F57CCF0040CB61 /* ViewController.h */,
				EA4219B319F57CCF0040CB61 /* ViewController.m */,
				EA4219B519F57CCF0040CB61 /* Main.storyboard */,
				EA4219B819F57CCF0040CB61 /* Images.xcassets */,
				EA4219BA19F57CCF0040CB61 /* LaunchScreen.xib */,
				EA4219AB19F57CCF0040CB61 /* Supporting Files */,
			);
			path = OOPsand;
			sourceTree = "<group>";
		};
		EA4219AB19F57CCF0040CB61 /* Supporting Files */ = {
			isa = PBXGroup;
			children = (
				EA4219AC19F57CCF0040CB61 /* Info.plist */,
				EA4219AD19F57CCF0040CB61 /* main.m */,
			);
			name = "Supporting Files";
			sourceTree = "<group>";
		};
		EA4219C419F57CCF0040CB61 /* OOPsandTests */ = {
			isa = PBXGroup;
			children = (
				EA4219C719F57CCF0040CB61 /* OOPsandTests.m */,
				EA4219C519F57CCF0040CB61 /* Supporting Files */,
			);
			path = OOPsandTests;
			sourceTree = "<group>";
		};
		EA4219C519F57CCF0040CB61 /* Supporting Files */ = {
			isa = PBXGroup;
			children = (
				EA4219C619F57CCF0040CB61 /* Info.plist */,
			);
			name = "Supporting Files";
			sourceTree = "<group>";
		};
/* End PBXGroup section */

/* Begin PBXNativeTarget section */
		EA4219A719F57CCF0040CB61 /* OOPsand */ = {
			isa = PBXNativeTarget;
			buildConfigurationList = EA4219CB19F57CCF0040CB61 /* Build configuration list for PBXNativeTarget "OOPsand" */;
			buildPhases = (
				EA4219A419F57CCF0040CB61 /* Sources */,
				EA4219A519F57CCF0040CB61 /* Frameworks */,
				EA4219A619F57CCF0040CB61 /* Resources */,
			);
			buildRules = (
			);
			dependencies = (
			);
			name = OOPsand;
			productName = OOPsand;
			productReference = EA4219A819F57CCF0040CB61 /* OOPsand.app */;
			productType = "com.apple.product-type.application";
		};
		EA4219C019F57CCF0040CB61 /* OOPsandTests */ = {
			isa = PBXNativeTarget;
			buildConfigurationList = EA4219CE19F57CCF0040CB61 /* Build configuration list for PBXNativeTarget "OOPsandTests" */;
			buildPhases = (
				EA4219BD19F57CCF0040CB61 /* Sources */,
				EA4219BE19F57CCF0040CB61 /* Frameworks */,
				EA4219BF19F57CCF0040CB61 /* Resources */,
			);
			buildRules = (
			);
			dependencies = (
				EA4219C319F57CCF0040CB61 /* PBXTargetDependency */,
			);
			name = OOPsandTests;
			productName = OOPsandTests;
			productReference = EA4219C119F57CCF0040CB61 /* OOPsandTests.xctest */;
			productType = "com.apple.product-type.bundle.unit-test";
		};
/* End PBXNativeTarget section */

/* Begin PBXProject section */
		EA4219A019F57CCF0040CB61 /* Project object */ = {
			isa = PBXProject;
			attributes = {
				LastUpgradeCheck = 0610;
				ORGANIZATIONNAME = "Chad Slater";
				TargetAttributes = {
					EA4219A719F57CCF0040CB61 = {
						CreatedOnToolsVersion = 6.1;
					};
					EA4219C019F57CCF0040CB61 = {
						CreatedOnToolsVersion = 6.1;
						TestTargetID = EA4219A719F57CCF0040CB61;
					};
				};
			};
			buildConfigurationList = EA4219A319F57CCF0040CB61 /* Build configuration list for PBXProject "OOPsand" */;
			compatibilityVersion = "Xcode 3.2";
			developmentRegion = English;
			hasScannedForEncodings = 0;
			knownRegions = (
				en,
				Base,
			);
			mainGroup = EA42199F19F57CCF0040CB61;
			productRefGroup = EA4219A919F57CCF0040CB61 /* Products */;
			projectDirPath = "";
			projectRoot = "";
			targets = (
				EA4219A719F57CCF0040CB61 /* OOPsand */,
				EA4219C019F57CCF0040CB61 /* OOPsandTests */,
			);
		};
/* End PBXProject section */

/* Begin PBXResourcesBuildPhase section */
		EA4219A619F57CCF0040CB61 /* Resources */ = {
			isa = PBXResourcesBuildPhase;
			buildActionMask = 2147483647;
			files = (
				EA4219B719F57CCF0040CB61 /* Main.storyboard in Resources */,
				EA4219BC19F57CCF0040CB61 /* LaunchScreen.xib in Resources */,
				EA4219B919F57CCF0040CB61 /* Images.xcassets in Resources */,
			);
			runOnlyForDeploymentPostprocessing = 0;
		};
		EA4219BF19F57CCF0040CB61 /* Resources */ = {
			isa = PBXResourcesBuildPhase;
			buildActionMask = 2147483647;
			files = (
			);
			runOnlyForDeploymentPostprocessing = 0;
		};
/* End PBXResourcesBuildPhase section */

/* Begin PBXSourcesBuildPhase section */
		EA4219A419F57CCF0040CB61 /* Sources */ = {
			isa = PBXSourcesBuildPhase;
			buildActionMask = 2147483647;
			files = (
				EA4219B419F57CCF0040CB61 /* ViewController.m in Sources */,
				EA4219B119F57CCF0040CB61 /* AppDelegate.m in Sources */,
				EA4219AE19F57CCF0040CB61 /* main.m in Sources */,
			);
			runOnlyForDeploymentPostprocessing = 0;
		};
		EA4219BD19F57CCF0040CB61 /* Sources */ = {
			isa = PBXSourcesBuildPhase;
			buildActionMask = 2147483647;
			files = (
				EA4219C819F57CCF0040CB61 /* OOPsandTests.m in Sources */,
			);
			runOnlyForDeploymentPostprocessing = 0;
		};
/* End PBXSourcesBuildPhase section */

/* Begin PBXTargetDependency section */
		EA4219C319F57CCF0040CB61 /* PBXTargetDependency */ = {
			isa = PBXTargetDependency;
			target = EA4219A719F57CCF0040CB61 /* OOPsand */;
			targetProxy = EA4219C219F57CCF0040CB61 /* PBXContainerItemProxy */;
		};
/* End PBXTargetDependency section */

/* Begin PBXVariantGroup section */
		EA4219B519F57CCF0040CB61 /* Main.storyboard */ = {
			isa = PBXVariantGroup;
			children = (
				EA4219B619F57CCF0040CB61 /* Base */,
			);
			name = Main.storyboard;
			sourceTree = "<group>";
		};
		EA4219BA19F57CCF0040CB61 /* LaunchScreen.xib */ = {
			isa = PBXVariantGroup;
			children = (
				EA4219BB19F57CCF0040CB61 /* Base */,
			);
			name = LaunchScreen.xib;
			sourceTree = "<group>";
		};
/* End PBXVariantGroup section */

/* Begin XCBuildConfiguration section */
		EA4219C919F57CCF0040CB61 /* Debug */ = {
			isa = XCBuildConfiguration;
			buildSettings = {
				ALWAYS_SEARCH_USER_PATHS = NO;
				CLANG_CXX_LANGUAGE_STANDARD = "gnu++0x";
				CLANG_CXX_LIBRARY = "libc++";
				CLANG_ENABLE_MODULES = YES;
				CLANG_ENABLE_OBJC_ARC = YES;
				CLANG_WARN_BOOL_CONVERSION = YES;
				CLANG_WARN_CONSTANT_CONVERSION = YES;
				CLANG_WARN_DIRECT_OBJC_ISA_USAGE = YES_ERROR;
				CLANG_WARN_EMPTY_BODY = YES;
				CLANG_WARN_ENUM_CONVERSION = YES;
				CLANG_WARN_INT_CONVERSION = YES;
				CLANG_WARN_OBJC_ROOT_CLASS = YES_ERROR;
				CLANG_WARN_UNREACHABLE_CODE = YES;
				CLANG_WARN__DUPLICATE_METHOD_MATCH = YES;
				"CODE_SIGN_IDENTITY[sdk=iphoneos*]" = "iPhone Developer";
				COPY_PHASE_STRIP = NO;
				ENABLE_STRICT_OBJC_MSGSEND = YES;
				GCC_C_LANGUAGE_STANDARD = gnu99;
				GCC_DYNAMIC_NO_PIC = NO;
				GCC_OPTIMIZATION_LEVEL = 0;
				GCC_PREPROCESSOR_DEFINITIONS = (
					"DEBUG=1",
					"$(inherited)",
				);
				GCC_SYMBOLS_PRIVATE_EXTERN = NO;
				GCC_WARN_64_TO_32_BIT_CONVERSION = YES;
				GCC_WARN_ABOUT_RETURN_TYPE = YES_ERROR;
				GCC_WARN_UNDECLARED_SELECTOR = YES;
				GCC_WARN_UNINITIALIZED_AUTOS = YES_AGGRESSIVE;
				GCC_WARN_UNUSED_FUNCTION = YES;
				GCC_WARN_UNUSED_VARIABLE = YES;
				IPHONEOS_DEPLOYMENT_TARGET = 8.1;
				MTL_ENABLE_DEBUG_INFO = YES;
				ONLY_ACTIVE_ARCH = YES;
				SDKROOT = iphoneos;
			};
			name = Debug;
		};
		EA4219CA19F57CCF0040CB61 /* Release */ = {
			isa = XCBuildConfiguration;
			buildSettings = {
				ALWAYS_SEARCH_USER_PATHS = NO;
				CLANG_CXX_LANGUAGE_STANDARD = "gnu++0x";
				CLANG_CXX_LIBRARY = "libc++";
				CLANG_ENABLE_MODULES = YES;
				CLANG_ENABLE_OBJC_ARC = YES;
				CLANG_WARN_BOOL_CONVERSION = YES;
				CLANG_WARN_CONSTANT_CONVERSION = YES;
				CLANG_WARN_DIRECT_OBJC_ISA_USAGE = YES_ERROR;
				CLANG_WARN_EMPTY_BODY = YES;
				CLANG_WARN_ENUM_CONVERSION = YES;
				CLANG_WARN_INT_CONVERSION = YES;
				CLANG_WARN_OBJC_ROOT_CLASS = YES_ERROR;
				CLANG_WARN_UNREACHABLE_CODE = YES;
				CLANG_WARN__DUPLICATE_METHOD_MATCH = YES;
				"CODE_SIGN_IDENTITY[sdk=iphoneos*]" = "iPhone Developer";
				COPY_PHASE_STRIP = YES;
				ENABLE_NS_ASSERTIONS = NO;
				ENABLE_STRICT_OBJC_MSGSEND = YES;
				GCC_C_LANGUAGE_STANDARD = gnu99;
				GCC_WARN_64_TO_32_BIT_CONVERSION = YES;
				GCC_WARN_ABOUT_RETURN_TYPE = YES_ERROR;
				GCC_WARN_UNDECLARED_SELECTOR = YES;
				GCC_WARN_UNINITIALIZED_AUTOS = YES_AGGRESSIVE;
				GCC_WARN_UNUSED_FUNCTION = YES;
				GCC_WARN_UNUSED_VARIABLE = YES;
				IPHONEOS_DEPLOYMENT_TARGET = 8.1;
				MTL_ENABLE_DEBUG_INFO = NO;
				SDKROOT = iphoneos;
				VALIDATE_PRODUCT = YES;
			};
			name = Release;
		};
		EA4219CC19F57CCF0040CB61 /* Debug */ = {
			isa = XCBuildConfiguration;
			buildSettings = {
				ASSETCATALOG_COMPILER_APPICON_NAME = AppIcon;
				INFOPLIST_FILE = OOPsand/Info.plist;
				LD_RUNPATH_SEARCH_PATHS = "$(inherited) @executable_path/Frameworks";
				PRODUCT_NAME = "$(TARGET_NAME)";
			};
			name = Debug;
		};
		EA4219CD19F57CCF0040CB61 /* Release */ = {
			isa = XCBuildConfiguration;
			buildSettings = {
				ASSETCATALOG_COMPILER_APPICON_NAME = AppIcon;
				INFOPLIST_FILE = OOPsand/Info.plist;
				LD_RUNPATH_SEARCH_PATHS = "$(inherited) @executable_path/Frameworks";
				PRODUCT_NAME = "$(TARGET_NAME)";
			};
			name = Release;
		};
		EA4219CF19F57CCF0040CB61 /* Debug */ = {
			isa = XCBuildConfiguration;
			buildSettings = {
				BUNDLE_LOADER = "$(TEST_HOST)";
				FRAMEWORK_SEARCH_PATHS = (
					"$(SDKROOT)/Developer/Library/Frameworks",
					"$(inherited)",
				);
				GCC_PREPROCESSOR_DEFINITIONS = (
					"DEBUG=1",
					"$(inherited)",
				);
				INFOPLIST_FILE = OOPsandTests/Info.plist;
				LD_RUNPATH_SEARCH_PATHS = "$(inherited) @executable_path/Frameworks @loader_path/Frameworks";
				PRODUCT_NAME = "$(TARGET_NAME)";
				TEST_HOST = "$(BUILT_PRODUCTS_DIR)/OOPsand.app/OOPsand";
			};
			name = Debug;
		};
		EA4219D019F57CCF0040CB61 /* Release */ = {
			isa = XCBuildConfiguration;
			buildSettings = {
				BUNDLE_LOADER = "$(TEST_HOST)";
				FRAMEWORK_SEARCH_PATHS = (
					"$(SDKROOT)/Developer/Library/Frameworks",
					"$(inherited)",
				);
				INFOPLIST_FILE = OOPsandTests/Info.plist;
				LD_RUNPATH_SEARCH_PATHS = "$(inherited) @executable_path/Frameworks @loader_path/Frameworks";
				PRODUCT_NAME = "$(TARGET_NAME)";
				TEST_HOST = "$(BUILT_PRODUCTS_DIR)/OOPsand.app/OOPsand";
			};
			name = Release;
		};
/* End XCBuildConfiguration section */

/* Begin XCConfigurationList section */
		EA4219A319F57CCF0040CB61 /* Build configuration list for PBXProject "OOPsand" */ = {
			isa = XCConfigurationList;
			buildConfigurations = (
				EA4219C919F57CCF0040CB61 /* Debug */,
				EA4219CA19F57CCF0040CB61 /* Release */,
			);
			defaultConfigurationIsVisible = 0;
			defaultConfigurationName = Release;
		};
		EA4219CB19F57CCF0040CB61 /* Build configuration list for PBXNativeTarget "OOPsand" */ = {
			isa = XCConfigurationList;
			buildConfigurations = (
				EA4219CC19F57CCF0040CB61 /* Debug */,
				EA4219CD19F57CCF0040CB61 /* Release */,
			);
			defaultConfigurationIsVisible = 0;
			defaultConfigurationName = Release;
		};
		EA4219CE19F57CCF0040CB61 /* Build configuration list for PBXNativeTarget "OOPsandTests" */ = {
			isa = XCConfigurationList;
			buildConfigurations = (
				EA4219CF19F57CCF0040CB61 /* Debug */,
				EA4219D019F57CCF0040CB61 /* Release */,
			);
			defaultConfigurationIsVisible = 0;
			defaultConfigurationName = Release;
		};
/* End XCConfigurationList section */
	};
	rootObject = EA4219A019F57CCF0040CB61 /* Project object */;
}
