// !$*UTF8*$!
{
	archiveVersion = 1;
	classes = {
	};
	objectVersion = 46;
	objects = {

/* Begin PBXBuildFile section */
		EAAB946619FEA69B00852647 /* main.m in Sources */ = {isa = PBXBuildFile; fileRef = EAAB946519FEA69B00852647 /* main.m */; };
		EAAB946919FEA69B00852647 /* AppDelegate.m in Sources */ = {isa = PBXBuildFile; fileRef = EAAB946819FEA69B00852647 /* AppDelegate.m */; };
		EAAB946C19FEA69B00852647 /* ViewController.m in Sources */ = {isa = PBXBuildFile; fileRef = EAAB946B19FEA69B00852647 /* ViewController.m */; };
		EAAB946F19FEA69B00852647 /* Main.storyboard in Resources */ = {isa = PBXBuildFile; fileRef = EAAB946D19FEA69B00852647 /* Main.storyboard */; };
		EAAB947119FEA69B00852647 /* Images.xcassets in Resources */ = {isa = PBXBuildFile; fileRef = EAAB947019FEA69B00852647 /* Images.xcassets */; };
		EAAB947419FEA69B00852647 /* LaunchScreen.xib in Resources */ = {isa = PBXBuildFile; fileRef = EAAB947219FEA69B00852647 /* LaunchScreen.xib */; };
		EAAB948019FEA69B00852647 /* MessagesTests.m in Sources */ = {isa = PBXBuildFile; fileRef = EAAB947F19FEA69B00852647 /* MessagesTests.m */; };
		EAAB948B19FF0C7000852647 /* NSObject+Model.m in Sources */ = {isa = PBXBuildFile; fileRef = EAAB948A19FF0C7000852647 /* NSObject+Model.m */; };
/* End PBXBuildFile section */

/* Begin PBXContainerItemProxy section */
		EAAB947A19FEA69B00852647 /* PBXContainerItemProxy */ = {
			isa = PBXContainerItemProxy;
			containerPortal = EAAB945819FEA69B00852647 /* Project object */;
			proxyType = 1;
			remoteGlobalIDString = EAAB945F19FEA69B00852647;
			remoteInfo = Messages;
		};
/* End PBXContainerItemProxy section */

/* Begin PBXFileReference section */
		EAAB946019FEA69B00852647 /* Messages.app */ = {isa = PBXFileReference; explicitFileType = wrapper.application; includeInIndex = 0; path = Messages.app; sourceTree = BUILT_PRODUCTS_DIR; };
		EAAB946419FEA69B00852647 /* Info.plist */ = {isa = PBXFileReference; lastKnownFileType = text.plist.xml; path = Info.plist; sourceTree = "<group>"; };
		EAAB946519FEA69B00852647 /* main.m */ = {isa = PBXFileReference; lastKnownFileType = sourcecode.c.objc; path = main.m; sourceTree = "<group>"; };
		EAAB946719FEA69B00852647 /* AppDelegate.h */ = {isa = PBXFileReference; lastKnownFileType = sourcecode.c.h; path = AppDelegate.h; sourceTree = "<group>"; };
		EAAB946819FEA69B00852647 /* AppDelegate.m */ = {isa = PBXFileReference; lastKnownFileType = sourcecode.c.objc; path = AppDelegate.m; sourceTree = "<group>"; };
		EAAB946A19FEA69B00852647 /* ViewController.h */ = {isa = PBXFileReference; lastKnownFileType = sourcecode.c.h; path = ViewController.h; sourceTree = "<group>"; };
		EAAB946B19FEA69B00852647 /* ViewController.m */ = {isa = PBXFileReference; lastKnownFileType = sourcecode.c.objc; path = ViewController.m; sourceTree = "<group>"; };
		EAAB946E19FEA69B00852647 /* Base */ = {isa = PBXFileReference; lastKnownFileType = file.storyboard; name = Base; path = Base.lproj/Main.storyboard; sourceTree = "<group>"; };
		EAAB947019FEA69B00852647 /* Images.xcassets */ = {isa = PBXFileReference; lastKnownFileType = folder.assetcatalog; path = Images.xcassets; sourceTree = "<group>"; };
		EAAB947319FEA69B00852647 /* Base */ = {isa = PBXFileReference; lastKnownFileType = file.xib; name = Base; path = Base.lproj/LaunchScreen.xib; sourceTree = "<group>"; };
		EAAB947919FEA69B00852647 /* MessagesTests.xctest */ = {isa = PBXFileReference; explicitFileType = wrapper.cfbundle; includeInIndex = 0; path = MessagesTests.xctest; sourceTree = BUILT_PRODUCTS_DIR; };
		EAAB947E19FEA69B00852647 /* Info.plist */ = {isa = PBXFileReference; lastKnownFileType = text.plist.xml; path = Info.plist; sourceTree = "<group>"; };
		EAAB947F19FEA69B00852647 /* MessagesTests.m */ = {isa = PBXFileReference; lastKnownFileType = sourcecode.c.objc; path = MessagesTests.m; sourceTree = "<group>"; };
		EAAB948919FF0C7000852647 /* NSObject+Model.h */ = {isa = PBXFileReference; fileEncoding = 4; lastKnownFileType = sourcecode.c.h; path = "NSObject+Model.h"; sourceTree = "<group>"; };
		EAAB948A19FF0C7000852647 /* NSObject+Model.m */ = {isa = PBXFileReference; fileEncoding = 4; lastKnownFileType = sourcecode.c.objc; path = "NSObject+Model.m"; sourceTree = "<group>"; };
/* End PBXFileReference section */

/* Begin PBXFrameworksBuildPhase section */
		EAAB945D19FEA69B00852647 /* Frameworks */ = {
			isa = PBXFrameworksBuildPhase;
			buildActionMask = 2147483647;
			files = (
			);
			runOnlyForDeploymentPostprocessing = 0;
		};
		EAAB947619FEA69B00852647 /* Frameworks */ = {
			isa = PBXFrameworksBuildPhase;
			buildActionMask = 2147483647;
			files = (
			);
			runOnlyForDeploymentPostprocessing = 0;
		};
/* End PBXFrameworksBuildPhase section */

/* Begin PBXGroup section */
		EAAB945719FEA69B00852647 = {
			isa = PBXGroup;
			children = (
				EAAB946219FEA69B00852647 /* Messages */,
				EAAB947C19FEA69B00852647 /* MessagesTests */,
				EAAB946119FEA69B00852647 /* Products */,
			);
			sourceTree = "<group>";
		};
		EAAB946119FEA69B00852647 /* Products */ = {
			isa = PBXGroup;
			children = (
				EAAB946019FEA69B00852647 /* Messages.app */,
				EAAB947919FEA69B00852647 /* MessagesTests.xctest */,
			);
			name = Products;
			sourceTree = "<group>";
		};
		EAAB946219FEA69B00852647 /* Messages */ = {
			isa = PBXGroup;
			children = (
				EAAB946719FEA69B00852647 /* AppDelegate.h */,
				EAAB946819FEA69B00852647 /* AppDelegate.m */,
				EAAB946A19FEA69B00852647 /* ViewController.h */,
				EAAB946B19FEA69B00852647 /* ViewController.m */,
				EAAB948919FF0C7000852647 /* NSObject+Model.h */,
				EAAB948A19FF0C7000852647 /* NSObject+Model.m */,
				EAAB946D19FEA69B00852647 /* Main.storyboard */,
				EAAB947019FEA69B00852647 /* Images.xcassets */,
				EAAB947219FEA69B00852647 /* LaunchScreen.xib */,
				EAAB946319FEA69B00852647 /* Supporting Files */,
			);
			path = Messages;
			sourceTree = "<group>";
		};
		EAAB946319FEA69B00852647 /* Supporting Files */ = {
			isa = PBXGroup;
			children = (
				EAAB946419FEA69B00852647 /* Info.plist */,
				EAAB946519FEA69B00852647 /* main.m */,
			);
			name = "Supporting Files";
			sourceTree = "<group>";
		};
		EAAB947C19FEA69B00852647 /* MessagesTests */ = {
			isa = PBXGroup;
			children = (
				EAAB947F19FEA69B00852647 /* MessagesTests.m */,
				EAAB947D19FEA69B00852647 /* Supporting Files */,
			);
			path = MessagesTests;
			sourceTree = "<group>";
		};
		EAAB947D19FEA69B00852647 /* Supporting Files */ = {
			isa = PBXGroup;
			children = (
				EAAB947E19FEA69B00852647 /* Info.plist */,
			);
			name = "Supporting Files";
			sourceTree = "<group>";
		};
/* End PBXGroup section */

/* Begin PBXNativeTarget section */
		EAAB945F19FEA69B00852647 /* Messages */ = {
			isa = PBXNativeTarget;
			buildConfigurationList = EAAB948319FEA69B00852647 /* Build configuration list for PBXNativeTarget "Messages" */;
			buildPhases = (
				EAAB945C19FEA69B00852647 /* Sources */,
				EAAB945D19FEA69B00852647 /* Frameworks */,
				EAAB945E19FEA69B00852647 /* Resources */,
			);
			buildRules = (
			);
			dependencies = (
			);
			name = Messages;
			productName = Messages;
			productReference = EAAB946019FEA69B00852647 /* Messages.app */;
			productType = "com.apple.product-type.application";
		};
		EAAB947819FEA69B00852647 /* MessagesTests */ = {
			isa = PBXNativeTarget;
			buildConfigurationList = EAAB948619FEA69B00852647 /* Build configuration list for PBXNativeTarget "MessagesTests" */;
			buildPhases = (
				EAAB947519FEA69B00852647 /* Sources */,
				EAAB947619FEA69B00852647 /* Frameworks */,
				EAAB947719FEA69B00852647 /* Resources */,
			);
			buildRules = (
			);
			dependencies = (
				EAAB947B19FEA69B00852647 /* PBXTargetDependency */,
			);
			name = MessagesTests;
			productName = MessagesTests;
			productReference = EAAB947919FEA69B00852647 /* MessagesTests.xctest */;
			productType = "com.apple.product-type.bundle.unit-test";
		};
/* End PBXNativeTarget section */

/* Begin PBXProject section */
		EAAB945819FEA69B00852647 /* Project object */ = {
			isa = PBXProject;
			attributes = {
				LastUpgradeCheck = 0610;
				ORGANIZATIONNAME = "Chad Slater";
				TargetAttributes = {
					EAAB945F19FEA69B00852647 = {
						CreatedOnToolsVersion = 6.1;
					};
					EAAB947819FEA69B00852647 = {
						CreatedOnToolsVersion = 6.1;
						TestTargetID = EAAB945F19FEA69B00852647;
					};
				};
			};
			buildConfigurationList = EAAB945B19FEA69B00852647 /* Build configuration list for PBXProject "Messages" */;
			compatibilityVersion = "Xcode 3.2";
			developmentRegion = English;
			hasScannedForEncodings = 0;
			knownRegions = (
				en,
				Base,
			);
			mainGroup = EAAB945719FEA69B00852647;
			productRefGroup = EAAB946119FEA69B00852647 /* Products */;
			projectDirPath = "";
			projectRoot = "";
			targets = (
				EAAB945F19FEA69B00852647 /* Messages */,
				EAAB947819FEA69B00852647 /* MessagesTests */,
			);
		};
/* End PBXProject section */

/* Begin PBXResourcesBuildPhase section */
		EAAB945E19FEA69B00852647 /* Resources */ = {
			isa = PBXResourcesBuildPhase;
			buildActionMask = 2147483647;
			files = (
				EAAB946F19FEA69B00852647 /* Main.storyboard in Resources */,
				EAAB947419FEA69B00852647 /* LaunchScreen.xib in Resources */,
				EAAB947119FEA69B00852647 /* Images.xcassets in Resources */,
			);
			runOnlyForDeploymentPostprocessing = 0;
		};
		EAAB947719FEA69B00852647 /* Resources */ = {
			isa = PBXResourcesBuildPhase;
			buildActionMask = 2147483647;
			files = (
			);
			runOnlyForDeploymentPostprocessing = 0;
		};
/* End PBXResourcesBuildPhase section */

/* Begin PBXSourcesBuildPhase section */
		EAAB945C19FEA69B00852647 /* Sources */ = {
			isa = PBXSourcesBuildPhase;
			buildActionMask = 2147483647;
			files = (
				EAAB946C19FEA69B00852647 /* ViewController.m in Sources */,
				EAAB946919FEA69B00852647 /* AppDelegate.m in Sources */,
				EAAB946619FEA69B00852647 /* main.m in Sources */,
				EAAB948B19FF0C7000852647 /* NSObject+Model.m in Sources */,
			);
			runOnlyForDeploymentPostprocessing = 0;
		};
		EAAB947519FEA69B00852647 /* Sources */ = {
			isa = PBXSourcesBuildPhase;
			buildActionMask = 2147483647;
			files = (
				EAAB948019FEA69B00852647 /* MessagesTests.m in Sources */,
			);
			runOnlyForDeploymentPostprocessing = 0;
		};
/* End PBXSourcesBuildPhase section */

/* Begin PBXTargetDependency section */
		EAAB947B19FEA69B00852647 /* PBXTargetDependency */ = {
			isa = PBXTargetDependency;
			target = EAAB945F19FEA69B00852647 /* Messages */;
			targetProxy = EAAB947A19FEA69B00852647 /* PBXContainerItemProxy */;
		};
/* End PBXTargetDependency section */

/* Begin PBXVariantGroup section */
		EAAB946D19FEA69B00852647 /* Main.storyboard */ = {
			isa = PBXVariantGroup;
			children = (
				EAAB946E19FEA69B00852647 /* Base */,
			);
			name = Main.storyboard;
			sourceTree = "<group>";
		};
		EAAB947219FEA69B00852647 /* LaunchScreen.xib */ = {
			isa = PBXVariantGroup;
			children = (
				EAAB947319FEA69B00852647 /* Base */,
			);
			name = LaunchScreen.xib;
			sourceTree = "<group>";
		};
/* End PBXVariantGroup section */

/* Begin XCBuildConfiguration section */
		EAAB948119FEA69B00852647 /* Debug */ = {
			isa = XCBuildConfiguration;
			buildSettings = {
				ALWAYS_SEARCH_USER_PATHS = NO;
				CLANG_CXX_LANGUAGE_STANDARD = "gnu++0x";
				CLANG_CXX_LIBRARY = "libc++";
				CLANG_ENABLE_MODULES = YES;
				CLANG_ENABLE_OBJC_ARC = YES;
				CLANG_WARN_BOOL_CONVERSION = YES;
				CLANG_WARN_CONSTANT_CONVERSION = YES;
				CLANG_WARN_DIRECT_OBJC_ISA_USAGE = YES_ERROR;
				CLANG_WARN_EMPTY_BODY = YES;
				CLANG_WARN_ENUM_CONVERSION = YES;
				CLANG_WARN_INT_CONVERSION = YES;
				CLANG_WARN_OBJC_ROOT_CLASS = YES_ERROR;
				CLANG_WARN_UNREACHABLE_CODE = YES;
				CLANG_WARN__DUPLICATE_METHOD_MATCH = YES;
				"CODE_SIGN_IDENTITY[sdk=iphoneos*]" = "iPhone Developer";
				COPY_PHASE_STRIP = NO;
				ENABLE_STRICT_OBJC_MSGSEND = YES;
				GCC_C_LANGUAGE_STANDARD = gnu99;
				GCC_DYNAMIC_NO_PIC = NO;
				GCC_OPTIMIZATION_LEVEL = 0;
				GCC_PREPROCESSOR_DEFINITIONS = (
					"DEBUG=1",
					"$(inherited)",
				);
				GCC_SYMBOLS_PRIVATE_EXTERN = NO;
				GCC_WARN_64_TO_32_BIT_CONVERSION = YES;
				GCC_WARN_ABOUT_RETURN_TYPE = YES_ERROR;
				GCC_WARN_UNDECLARED_SELECTOR = YES;
				GCC_WARN_UNINITIALIZED_AUTOS = YES_AGGRESSIVE;
				GCC_WARN_UNUSED_FUNCTION = YES;
				GCC_WARN_UNUSED_VARIABLE = YES;
				IPHONEOS_DEPLOYMENT_TARGET = 8.1;
				MTL_ENABLE_DEBUG_INFO = YES;
				ONLY_ACTIVE_ARCH = YES;
				SDKROOT = iphoneos;
			};
			name = Debug;
		};
		EAAB948219FEA69B00852647 /* Release */ = {
			isa = XCBuildConfiguration;
			buildSettings = {
				ALWAYS_SEARCH_USER_PATHS = NO;
				CLANG_CXX_LANGUAGE_STANDARD = "gnu++0x";
				CLANG_CXX_LIBRARY = "libc++";
				CLANG_ENABLE_MODULES = YES;
				CLANG_ENABLE_OBJC_ARC = YES;
				CLANG_WARN_BOOL_CONVERSION = YES;
				CLANG_WARN_CONSTANT_CONVERSION = YES;
				CLANG_WARN_DIRECT_OBJC_ISA_USAGE = YES_ERROR;
				CLANG_WARN_EMPTY_BODY = YES;
				CLANG_WARN_ENUM_CONVERSION = YES;
				CLANG_WARN_INT_CONVERSION = YES;
				CLANG_WARN_OBJC_ROOT_CLASS = YES_ERROR;
				CLANG_WARN_UNREACHABLE_CODE = YES;
				CLANG_WARN__DUPLICATE_METHOD_MATCH = YES;
				"CODE_SIGN_IDENTITY[sdk=iphoneos*]" = "iPhone Developer";
				COPY_PHASE_STRIP = YES;
				ENABLE_NS_ASSERTIONS = NO;
				ENABLE_STRICT_OBJC_MSGSEND = YES;
				GCC_C_LANGUAGE_STANDARD = gnu99;
				GCC_WARN_64_TO_32_BIT_CONVERSION = YES;
				GCC_WARN_ABOUT_RETURN_TYPE = YES_ERROR;
				GCC_WARN_UNDECLARED_SELECTOR = YES;
				GCC_WARN_UNINITIALIZED_AUTOS = YES_AGGRESSIVE;
				GCC_WARN_UNUSED_FUNCTION = YES;
				GCC_WARN_UNUSED_VARIABLE = YES;
				IPHONEOS_DEPLOYMENT_TARGET = 8.1;
				MTL_ENABLE_DEBUG_INFO = NO;
				SDKROOT = iphoneos;
				VALIDATE_PRODUCT = YES;
			};
			name = Release;
		};
		EAAB948419FEA69B00852647 /* Debug */ = {
			isa = XCBuildConfiguration;
			buildSettings = {
				ASSETCATALOG_COMPILER_APPICON_NAME = AppIcon;
				INFOPLIST_FILE = Messages/Info.plist;
				LD_RUNPATH_SEARCH_PATHS = "$(inherited) @executable_path/Frameworks";
				PRODUCT_NAME = "$(TARGET_NAME)";
			};
			name = Debug;
		};
		EAAB948519FEA69B00852647 /* Release */ = {
			isa = XCBuildConfiguration;
			buildSettings = {
				ASSETCATALOG_COMPILER_APPICON_NAME = AppIcon;
				INFOPLIST_FILE = Messages/Info.plist;
				LD_RUNPATH_SEARCH_PATHS = "$(inherited) @executable_path/Frameworks";
				PRODUCT_NAME = "$(TARGET_NAME)";
			};
			name = Release;
		};
		EAAB948719FEA69B00852647 /* Debug */ = {
			isa = XCBuildConfiguration;
			buildSettings = {
				BUNDLE_LOADER = "$(TEST_HOST)";
				FRAMEWORK_SEARCH_PATHS = (
					"$(SDKROOT)/Developer/Library/Frameworks",
					"$(inherited)",
				);
				GCC_PREPROCESSOR_DEFINITIONS = (
					"DEBUG=1",
					"$(inherited)",
				);
				INFOPLIST_FILE = MessagesTests/Info.plist;
				LD_RUNPATH_SEARCH_PATHS = "$(inherited) @executable_path/Frameworks @loader_path/Frameworks";
				PRODUCT_NAME = "$(TARGET_NAME)";
				TEST_HOST = "$(BUILT_PRODUCTS_DIR)/Messages.app/Messages";
			};
			name = Debug;
		};
		EAAB948819FEA69B00852647 /* Release */ = {
			isa = XCBuildConfiguration;
			buildSettings = {
				BUNDLE_LOADER = "$(TEST_HOST)";
				FRAMEWORK_SEARCH_PATHS = (
					"$(SDKROOT)/Developer/Library/Frameworks",
					"$(inherited)",
				);
				INFOPLIST_FILE = MessagesTests/Info.plist;
				LD_RUNPATH_SEARCH_PATHS = "$(inherited) @executable_path/Frameworks @loader_path/Frameworks";
				PRODUCT_NAME = "$(TARGET_NAME)";
				TEST_HOST = "$(BUILT_PRODUCTS_DIR)/Messages.app/Messages";
			};
			name = Release;
		};
/* End XCBuildConfiguration section */

/* Begin XCConfigurationList section */
		EAAB945B19FEA69B00852647 /* Build configuration list for PBXProject "Messages" */ = {
			isa = XCConfigurationList;
			buildConfigurations = (
				EAAB948119FEA69B00852647 /* Debug */,
				EAAB948219FEA69B00852647 /* Release */,
			);
			defaultConfigurationIsVisible = 0;
			defaultConfigurationName = Release;
		};
		EAAB948319FEA69B00852647 /* Build configuration list for PBXNativeTarget "Messages" */ = {
			isa = XCConfigurationList;
			buildConfigurations = (
				EAAB948419FEA69B00852647 /* Debug */,
				EAAB948519FEA69B00852647 /* Release */,
			);
			defaultConfigurationIsVisible = 0;
			defaultConfigurationName = Release;
		};
		EAAB948619FEA69B00852647 /* Build configuration list for PBXNativeTarget "MessagesTests" */ = {
			isa = XCConfigurationList;
			buildConfigurations = (
				EAAB948719FEA69B00852647 /* Debug */,
				EAAB948819FEA69B00852647 /* Release */,
			);
			defaultConfigurationIsVisible = 0;
			defaultConfigurationName = Release;
		};
/* End XCConfigurationList section */
	};
	rootObject = EAAB945819FEA69B00852647 /* Project object */;
}
